
Microsoft Visual Studio Solution File, Format Version 12.00
Project("{FAE04EC0-301F-11D3-BF4B-00C04F79EFBC}") = "Test1_Solution", "Test1_Solution\Test1_Solution.csproj", "{1C6C4AD0-00C9-44AE-BF17-DC0BE098687E}"
EndProject
Global
	GlobalSection(SolutionConfigurationPlatforms) = preSolution
		Debug|Any CPU = Debug|Any CPU
		Release|Any CPU = Release|Any CPU
	EndGlobalSection
	GlobalSection(ProjectConfigurationPlatforms) = postSolution
		{1C6C4AD0-00C9-44AE-BF17-DC0BE098687E}.Debug|Any CPU.ActiveCfg = Debug|Any CPU
		{1C6C4AD0-00C9-44AE-BF17-DC0BE098687E}.Debug|Any CPU.Build.0 = Debug|Any CPU
		{1C6C4AD0-00C9-44AE-BF17-DC0BE098687E}.Release|Any CPU.ActiveCfg = Release|Any CPU
		{1C6C4AD0-00C9-44AE-BF17-DC0BE098687E}.Release|Any CPU.Build.0 = Release|Any CPU
	EndGlobalSection
EndGlobal
